
Microsoft Visual Studio Solution File, Format Version 11.00
# Visual C++ Express 2010
Project("{8BC9CEB8-8B4A-11D0-8D11-00A0C91BC942}") = "Euler 12", "Euler 12.vcxproj", "{C472FBE8-BFED-488F-9DFB-C28D964C4F32}"
EndProject
Global
	GlobalSection(SolutionConfigurationPlatforms) = preSolution
		Debug|Win32 = Debug|Win32
		Release|Win32 = Release|Win32
	EndGlobalSection
	GlobalSection(ProjectConfigurationPlatforms) = postSolution
		{C472FBE8-BFED-488F-9DFB-C28D964C4F32}.Debug|Win32.ActiveCfg = Debug|Win32
		{C472FBE8-BFED-488F-9DFB-C28D964C4F32}.Debug|Win32.Build.0 = Debug|Win32
		{C472FBE8-BFED-488F-9DFB-C28D964C4F32}.Release|Win32.ActiveCfg = Release|Win32
		{C472FBE8-BFED-488F-9DFB-C28D964C4F32}.Release|Win32.Build.0 = Release|Win32
	EndGlobalSection
	GlobalSection(SolutionProperties) = preSolution
		HideSolutionNode = FALSE
	EndGlobalSection
EndGlobal
